PODS:
  - Alamofire (4.6.0)
  - Socket.IO-Client-Swift (12.0.0):
    - StarscreamSocketIO (~> 8.0.7)
  - StarscreamSocketIO (8.0.7)
  - SwiftyJSON (4.0.0)

DEPENDENCIES:
  - Alamofire
  - Socket.IO-Client-Swift (~> 12.0.0)
  - SwiftyJSON

SPEC CHECKSUMS:
  Alamofire: f41a599bd63041760b26d393ec1069d9d7b917f4
  Socket.IO-Client-Swift: 5b0154b42b3892bfb4c44fa138cbeb8afec4f6ef
  StarscreamSocketIO: 00b54e4208481ca5cef089545353aaf126bae16d
  SwiftyJSON: 070dabdcb1beb81b247c65ffa3a79dbbfb3b48aa

PODFILE CHECKSUM: 33d159484c7472cfd683385a3045859b96f43f8e

COCOAPODS: 1.4.0
